// !$*UTF8*$!
{
	archiveVersion = 1;
	classes = {
	};
	objectVersion = 48;
	objects = {

/* Begin PBXBuildFile section */
		96031A261FED9F32002F47B7 /* AppDelegate.swift in Sources */ = {isa = PBXBuildFile; fileRef = 96031A251FED9F32002F47B7 /* AppDelegate.swift */; };
		96031A281FED9F32002F47B7 /* TodoListViewController.swift in Sources */ = {isa = PBXBuildFile; fileRef = 96031A271FED9F32002F47B7 /* TodoListViewController.swift */; };
		96031A2B1FED9F32002F47B7 /* Main.storyboard in Resources */ = {isa = PBXBuildFile; fileRef = 96031A291FED9F32002F47B7 /* Main.storyboard */; };
		96031A2D1FED9F32002F47B7 /* Assets.xcassets in Resources */ = {isa = PBXBuildFile; fileRef = 96031A2C1FED9F32002F47B7 /* Assets.xcassets */; };
		96031A301FED9F32002F47B7 /* LaunchScreen.storyboard in Resources */ = {isa = PBXBuildFile; fileRef = 96031A2E1FED9F32002F47B7 /* LaunchScreen.storyboard */; };
		96FAFF551FF9FF7300D94ECE /* DataModel.xcdatamodeld in Sources */ = {isa = PBXBuildFile; fileRef = 96FAFF531FF9FF7300D94ECE /* DataModel.xcdatamodeld */; };
/* End PBXBuildFile section */

/* Begin PBXFileReference section */
		96031A221FED9F32002F47B7 /* Hallucination Tracker 1.app */ = {isa = PBXFileReference; explicitFileType = wrapper.application; includeInIndex = 0; path = "Hallucination Tracker 1.app"; sourceTree = BUILT_PRODUCTS_DIR; };
		96031A251FED9F32002F47B7 /* AppDelegate.swift */ = {isa = PBXFileReference; lastKnownFileType = sourcecode.swift; path = AppDelegate.swift; sourceTree = "<group>"; };
		96031A271FED9F32002F47B7 /* TodoListViewController.swift */ = {isa = PBXFileReference; lastKnownFileType = sourcecode.swift; path = TodoListViewController.swift; sourceTree = "<group>"; };
		96031A2A1FED9F32002F47B7 /* Base */ = {isa = PBXFileReference; lastKnownFileType = file.storyboard; name = Base; path = Base.lproj/Main.storyboard; sourceTree = "<group>"; };
		96031A2C1FED9F32002F47B7 /* Assets.xcassets */ = {isa = PBXFileReference; lastKnownFileType = folder.assetcatalog; path = Assets.xcassets; sourceTree = "<group>"; };
		96031A2F1FED9F32002F47B7 /* Base */ = {isa = PBXFileReference; lastKnownFileType = file.storyboard; name = Base; path = Base.lproj/LaunchScreen.storyboard; sourceTree = "<group>"; };
		96031A311FED9F32002F47B7 /* Info.plist */ = {isa = PBXFileReference; lastKnownFileType = text.plist.xml; path = Info.plist; sourceTree = "<group>"; };
		96FAFF541FF9FF7300D94ECE /* DataModel.xcdatamodel */ = {isa = PBXFileReference; lastKnownFileType = wrapper.xcdatamodel; path = DataModel.xcdatamodel; sourceTree = "<group>"; };
/* End PBXFileReference section */

/* Begin PBXFrameworksBuildPhase section */
		96031A1F1FED9F32002F47B7 /* Frameworks */ = {
			isa = PBXFrameworksBuildPhase;
			buildActionMask = 2147483647;
			files = (
			);
			runOnlyForDeploymentPostprocessing = 0;
		};
/* End PBXFrameworksBuildPhase section */

/* Begin PBXGroup section */
		96031A191FED9F32002F47B7 = {
			isa = PBXGroup;
			children = (
				96031A241FED9F32002F47B7 /* Hallucination Tracker 1 */,
				96031A231FED9F32002F47B7 /* Products */,
			);
			sourceTree = "<group>";
		};
		96031A231FED9F32002F47B7 /* Products */ = {
			isa = PBXGroup;
			children = (
				96031A221FED9F32002F47B7 /* Hallucination Tracker 1.app */,
			);
			name = Products;
			sourceTree = "<group>";
		};
		96031A241FED9F32002F47B7 /* Hallucination Tracker 1 */ = {
			isa = PBXGroup;
			children = (
				96031A251FED9F32002F47B7 /* AppDelegate.swift */,
				96A04DC31FF976A500A51717 /* Data Model */,
				96A04DC41FF976BC00A51717 /* Controllers */,
				96A04DC51FF976CE00A51717 /* Views */,
				96A04DC61FF976FB00A51717 /* Supporting Files */,
				96031A311FED9F32002F47B7 /* Info.plist */,
			);
			path = "Hallucination Tracker 1";
			sourceTree = "<group>";
		};
		96A04DC31FF976A500A51717 /* Data Model */ = {
			isa = PBXGroup;
			children = (
				96FAFF531FF9FF7300D94ECE /* DataModel.xcdatamodeld */,
			);
			path = "Data Model";
			sourceTree = "<group>";
		};
		96A04DC41FF976BC00A51717 /* Controllers */ = {
			isa = PBXGroup;
			children = (
				96031A271FED9F32002F47B7 /* TodoListViewController.swift */,
			);
			path = Controllers;
			sourceTree = "<group>";
		};
		96A04DC51FF976CE00A51717 /* Views */ = {
			isa = PBXGroup;
			children = (
				96031A291FED9F32002F47B7 /* Main.storyboard */,
			);
			path = Views;
			sourceTree = "<group>";
		};
		96A04DC61FF976FB00A51717 /* Supporting Files */ = {
			isa = PBXGroup;
			children = (
				96031A2C1FED9F32002F47B7 /* Assets.xcassets */,
				96031A2E1FED9F32002F47B7 /* LaunchScreen.storyboard */,
			);
			path = "Supporting Files";
			sourceTree = "<group>";
		};
/* End PBXGroup section */

/* Begin PBXNativeTarget section */
		96031A211FED9F32002F47B7 /* Hallucination Tracker 1 */ = {
			isa = PBXNativeTarget;
			buildConfigurationList = 96031A341FED9F32002F47B7 /* Build configuration list for PBXNativeTarget "Hallucination Tracker 1" */;
			buildPhases = (
				96031A1E1FED9F32002F47B7 /* Sources */,
				96031A1F1FED9F32002F47B7 /* Frameworks */,
				96031A201FED9F32002F47B7 /* Resources */,
			);
			buildRules = (
			);
			dependencies = (
			);
			name = "Hallucination Tracker 1";
			productName = "Hallucination Tracker 1";
			productReference = 96031A221FED9F32002F47B7 /* Hallucination Tracker 1.app */;
			productType = "com.apple.product-type.application";
		};
/* End PBXNativeTarget section */

/* Begin PBXProject section */
		96031A1A1FED9F32002F47B7 /* Project object */ = {
			isa = PBXProject;
			attributes = {
				LastSwiftUpdateCheck = 0910;
				LastUpgradeCheck = 0910;
				ORGANIZATIONNAME = "Phitas Technologies";
				TargetAttributes = {
					96031A211FED9F32002F47B7 = {
						CreatedOnToolsVersion = 9.1;
						ProvisioningStyle = Automatic;
					};
				};
			};
			buildConfigurationList = 96031A1D1FED9F32002F47B7 /* Build configuration list for PBXProject "Hallucination Tracker 1" */;
			compatibilityVersion = "Xcode 8.0";
			developmentRegion = en;
			hasScannedForEncodings = 0;
			knownRegions = (
				en,
				Base,
			);
			mainGroup = 96031A191FED9F32002F47B7;
			productRefGroup = 96031A231FED9F32002F47B7 /* Products */;
			projectDirPath = "";
			projectRoot = "";
			targets = (
				96031A211FED9F32002F47B7 /* Hallucination Tracker 1 */,
			);
		};
/* End PBXProject section */

/* Begin PBXResourcesBuildPhase section */
		96031A201FED9F32002F47B7 /* Resources */ = {
			isa = PBXResourcesBuildPhase;
			buildActionMask = 2147483647;
			files = (
				96031A301FED9F32002F47B7 /* LaunchScreen.storyboard in Resources */,
				96031A2D1FED9F32002F47B7 /* Assets.xcassets in Resources */,
				96031A2B1FED9F32002F47B7 /* Main.storyboard in Resources */,
			);
			runOnlyForDeploymentPostprocessing = 0;
		};
/* End PBXResourcesBuildPhase section */

/* Begin PBXSourcesBuildPhase section */
		96031A1E1FED9F32002F47B7 /* Sources */ = {
			isa = PBXSourcesBuildPhase;
			buildActionMask = 2147483647;
			files = (
				96031A281FED9F32002F47B7 /* TodoListViewController.swift in Sources */,
				96FAFF551FF9FF7300D94ECE /* DataModel.xcdatamodeld in Sources */,
				96031A261FED9F32002F47B7 /* AppDelegate.swift in Sources */,
			);
			runOnlyForDeploymentPostprocessing = 0;
		};
/* End PBXSourcesBuildPhase section */

/* Begin PBXVariantGroup section */
		96031A291FED9F32002F47B7 /* Main.storyboard */ = {
			isa = PBXVariantGroup;
			children = (
				96031A2A1FED9F32002F47B7 /* Base */,
			);
			name = Main.storyboard;
			sourceTree = "<group>";
		};
		96031A2E1FED9F32002F47B7 /* LaunchScreen.storyboard */ = {
			isa = PBXVariantGroup;
			children = (
				96031A2F1FED9F32002F47B7 /* Base */,
			);
			name = LaunchScreen.storyboard;
			sourceTree = "<group>";
		};
/* End PBXVariantGroup section */

/* Begin XCBuildConfiguration section */
		96031A321FED9F32002F47B7 /* Debug */ = {
			isa = XCBuildConfiguration;
			buildSettings = {
				ALWAYS_SEARCH_USER_PATHS = NO;
				CLANG_ANALYZER_NONNULL = YES;
				CLANG_ANALYZER_NUMBER_OBJECT_CONVERSION = YES_AGGRESSIVE;
				CLANG_CXX_LANGUAGE_STANDARD = "gnu++14";
				CLANG_CXX_LIBRARY = "libc++";
				CLANG_ENABLE_MODULES = YES;
				CLANG_ENABLE_OBJC_ARC = YES;
				CLANG_WARN_BLOCK_CAPTURE_AUTORELEASING = YES;
				CLANG_WARN_BOOL_CONVERSION = YES;
				CLANG_WARN_COMMA = YES;
				CLANG_WARN_CONSTANT_CONVERSION = YES;
				CLANG_WARN_DIRECT_OBJC_ISA_USAGE = YES_ERROR;
				CLANG_WARN_DOCUMENTATION_COMMENTS = YES;
				CLANG_WARN_EMPTY_BODY = YES;
				CLANG_WARN_ENUM_CONVERSION = YES;
				CLANG_WARN_INFINITE_RECURSION = YES;
				CLANG_WARN_INT_CONVERSION = YES;
				CLANG_WARN_NON_LITERAL_NULL_CONVERSION = YES;
				CLANG_WARN_OBJC_LITERAL_CONVERSION = YES;
				CLANG_WARN_OBJC_ROOT_CLASS = YES_ERROR;
				CLANG_WARN_RANGE_LOOP_ANALYSIS = YES;
				CLANG_WARN_STRICT_PROTOTYPES = YES;
				CLANG_WARN_SUSPICIOUS_MOVE = YES;
				CLANG_WARN_UNGUARDED_AVAILABILITY = YES_AGGRESSIVE;
				CLANG_WARN_UNREACHABLE_CODE = YES;
				CLANG_WARN__DUPLICATE_METHOD_MATCH = YES;
				CODE_SIGN_IDENTITY = "iPhone Developer";
				COPY_PHASE_STRIP = NO;
				DEBUG_INFORMATION_FORMAT = dwarf;
				ENABLE_STRICT_OBJC_MSGSEND = YES;
				ENABLE_TESTABILITY = YES;
				GCC_C_LANGUAGE_STANDARD = gnu11;
				GCC_DYNAMIC_NO_PIC = NO;
				GCC_NO_COMMON_BLOCKS = YES;
				GCC_OPTIMIZATION_LEVEL = 0;
				GCC_PREPROCESSOR_DEFINITIONS = (
					"DEBUG=1",
					"$(inherited)",
				);
				GCC_WARN_64_TO_32_BIT_CONVERSION = YES;
				GCC_WARN_ABOUT_RETURN_TYPE = YES_ERROR;
				GCC_WARN_UNDECLARED_SELECTOR = YES;
				GCC_WARN_UNINITIALIZED_AUTOS = YES_AGGRESSIVE;
				GCC_WARN_UNUSED_FUNCTION = YES;
				GCC_WARN_UNUSED_VARIABLE = YES;
				IPHONEOS_DEPLOYMENT_TARGET = 11.1;
				MTL_ENABLE_DEBUG_INFO = YES;
				ONLY_ACTIVE_ARCH = YES;
				SDKROOT = iphoneos;
				SWIFT_ACTIVE_COMPILATION_CONDITIONS = DEBUG;
				SWIFT_OPTIMIZATION_LEVEL = "-Onone";
			};
			name = Debug;
		};
		96031A331FED9F32002F47B7 /* Release */ = {
			isa = XCBuildConfiguration;
			buildSettings = {
				ALWAYS_SEARCH_USER_PATHS = NO;
				CLANG_ANALYZER_NONNULL = YES;
				CLANG_ANALYZER_NUMBER_OBJECT_CONVERSION = YES_AGGRESSIVE;
				CLANG_CXX_LANGUAGE_STANDARD = "gnu++14";
				CLANG_CXX_LIBRARY = "libc++";
				CLANG_ENABLE_MODULES = YES;
				CLANG_ENABLE_OBJC_ARC = YES;
				CLANG_WARN_BLOCK_CAPTURE_AUTORELEASING = YES;
				CLANG_WARN_BOOL_CONVERSION = YES;
				CLANG_WARN_COMMA = YES;
				CLANG_WARN_CONSTANT_CONVERSION = YES;
				CLANG_WARN_DIRECT_OBJC_ISA_USAGE = YES_ERROR;
				CLANG_WARN_DOCUMENTATION_COMMENTS = YES;
				CLANG_WARN_EMPTY_BODY = YES;
				CLANG_WARN_ENUM_CONVERSION = YES;
				CLANG_WARN_INFINITE_RECURSION = YES;
				CLANG_WARN_INT_CONVERSION = YES;
				CLANG_WARN_NON_LITERAL_NULL_CONVERSION = YES;
				CLANG_WARN_OBJC_LITERAL_CONVERSION = YES;
				CLANG_WARN_OBJC_ROOT_CLASS = YES_ERROR;
				CLANG_WARN_RANGE_LOOP_ANALYSIS = YES;
				CLANG_WARN_STRICT_PROTOTYPES = YES;
				CLANG_WARN_SUSPICIOUS_MOVE = YES;
				CLANG_WARN_UNGUARDED_AVAILABILITY = YES_AGGRESSIVE;
				CLANG_WARN_UNREACHABLE_CODE = YES;
				CLANG_WARN__DUPLICATE_METHOD_MATCH = YES;
				CODE_SIGN_IDENTITY = "iPhone Developer";
				COPY_PHASE_STRIP = NO;
				DEBUG_INFORMATION_FORMAT = "dwarf-with-dsym";
				ENABLE_NS_ASSERTIONS = NO;
				ENABLE_STRICT_OBJC_MSGSEND = YES;
				GCC_C_LANGUAGE_STANDARD = gnu11;
				GCC_NO_COMMON_BLOCKS = YES;
				GCC_WARN_64_TO_32_BIT_CONVERSION = YES;
				GCC_WARN_ABOUT_RETURN_TYPE = YES_ERROR;
				GCC_WARN_UNDECLARED_SELECTOR = YES;
				GCC_WARN_UNINITIALIZED_AUTOS = YES_AGGRESSIVE;
				GCC_WARN_UNUSED_FUNCTION = YES;
				GCC_WARN_UNUSED_VARIABLE = YES;
				IPHONEOS_DEPLOYMENT_TARGET = 11.1;
				MTL_ENABLE_DEBUG_INFO = NO;
				SDKROOT = iphoneos;
				SWIFT_OPTIMIZATION_LEVEL = "-Owholemodule";
				VALIDATE_PRODUCT = YES;
			};
			name = Release;
		};
		96031A351FED9F32002F47B7 /* Debug */ = {
			isa = XCBuildConfiguration;
			buildSettings = {
				ASSETCATALOG_COMPILER_APPICON_NAME = AppIcon;
				CODE_SIGN_STYLE = Automatic;
				INFOPLIST_FILE = "Hallucination Tracker 1/Info.plist";
				LD_RUNPATH_SEARCH_PATHS = "$(inherited) @executable_path/Frameworks";
				PRODUCT_BUNDLE_IDENTIFIER = "com.Phitas.Hallucination-Tracker-1";
				PRODUCT_NAME = "$(TARGET_NAME)";
				SWIFT_VERSION = 4.0;
				TARGETED_DEVICE_FAMILY = "1,2";
			};
			name = Debug;
		};
		96031A361FED9F32002F47B7 /* Release */ = {
			isa = XCBuildConfiguration;
			buildSettings = {
				ASSETCATALOG_COMPILER_APPICON_NAME = AppIcon;
				CODE_SIGN_STYLE = Automatic;
				INFOPLIST_FILE = "Hallucination Tracker 1/Info.plist";
				LD_RUNPATH_SEARCH_PATHS = "$(inherited) @executable_path/Frameworks";
				PRODUCT_BUNDLE_IDENTIFIER = "com.Phitas.Hallucination-Tracker-1";
				PRODUCT_NAME = "$(TARGET_NAME)";
				SWIFT_VERSION = 4.0;
				TARGETED_DEVICE_FAMILY = "1,2";
			};
			name = Release;
		};
/* End XCBuildConfiguration section */

/* Begin XCConfigurationList section */
		96031A1D1FED9F32002F47B7 /* Build configuration list for PBXProject "Hallucination Tracker 1" */ = {
			isa = XCConfigurationList;
			buildConfigurations = (
				96031A321FED9F32002F47B7 /* Debug */,
				96031A331FED9F32002F47B7 /* Release */,
			);
			defaultConfigurationIsVisible = 0;
			defaultConfigurationName = Release;
		};
		96031A341FED9F32002F47B7 /* Build configuration list for PBXNativeTarget "Hallucination Tracker 1" */ = {
			isa = XCConfigurationList;
			buildConfigurations = (
				96031A351FED9F32002F47B7 /* Debug */,
				96031A361FED9F32002F47B7 /* Release */,
			);
			defaultConfigurationIsVisible = 0;
			defaultConfigurationName = Release;
		};
/* End XCConfigurationList section */

/* Begin XCVersionGroup section */
		96FAFF531FF9FF7300D94ECE /* DataModel.xcdatamodeld */ = {
			isa = XCVersionGroup;
			children = (
				96FAFF541FF9FF7300D94ECE /* DataModel.xcdatamodel */,
			);
			currentVersion = 96FAFF541FF9FF7300D94ECE /* DataModel.xcdatamodel */;
			path = DataModel.xcdatamodeld;
			sourceTree = "<group>";
			versionGroupType = wrapper.xcdatamodel;
		};
/* End XCVersionGroup section */
	};
	rootObject = 96031A1A1FED9F32002F47B7 /* Project object */;
}
